// !$*UTF8*$!
{
	archiveVersion = 1;
	classes = {
	};
	objectVersion = 50;
	objects = {

/* Begin PBXBuildFile section */
		8EF71F6A15D45AA03944AE41 /* Pods_Github_Gists_Editor.framework in Frameworks */ = {isa = PBXBuildFile; fileRef = 1C0DC31352301095AF756817 /* Pods_Github_Gists_Editor.framework */; };
		C5141DE421BE6A6900301449 /* CreateNewGistViewModel.swift in Sources */ = {isa = PBXBuildFile; fileRef = C5141DE321BE6A6900301449 /* CreateNewGistViewModel.swift */; };
		C5141DE621BE6C9A00301449 /* GistCreationInfo.swift in Sources */ = {isa = PBXBuildFile; fileRef = C5141DE521BE6C9A00301449 /* GistCreationInfo.swift */; };
		C52BD02C22009CE000F2CCA3 /* CustomSegmentedControl.swift in Sources */ = {isa = PBXBuildFile; fileRef = C52BD02B22009CE000F2CCA3 /* CustomSegmentedControl.swift */; };
		C54C23BE21C4150000A8D6FC /* Constants.swift in Sources */ = {isa = PBXBuildFile; fileRef = C54C23BD21C4150000A8D6FC /* Constants.swift */; };
		C57E54F021B9365600A64E0C /* CreateNewGistViewController.swift in Sources */ = {isa = PBXBuildFile; fileRef = C57E54EF21B9365600A64E0C /* CreateNewGistViewController.swift */; };
		C594CE6C21F22DC000652729 /* SectionOfEvent.swift in Sources */ = {isa = PBXBuildFile; fileRef = C594CE6B21F22DC000652729 /* SectionOfEvent.swift */; };
		C59DB3CF21ADAFDA0000F25B /* GistsViewController.swift in Sources */ = {isa = PBXBuildFile; fileRef = C59DB3CE21ADAFDA0000F25B /* GistsViewController.swift */; };
		C59DB3D221ADB0010000F25B /* GistsAutorsViewModel.swift in Sources */ = {isa = PBXBuildFile; fileRef = C59DB3D121ADB0010000F25B /* GistsAutorsViewModel.swift */; };
		C59DB3D621ADB02E0000F25B /* GistsAutorsTableViewCell.swift in Sources */ = {isa = PBXBuildFile; fileRef = C59DB3D421ADB02E0000F25B /* GistsAutorsTableViewCell.swift */; };
		C59DB3D721ADB02E0000F25B /* GistsAutorsTableViewCell.xib in Resources */ = {isa = PBXBuildFile; fileRef = C59DB3D521ADB02E0000F25B /* GistsAutorsTableViewCell.xib */; };
		C59DB3D921ADB15C0000F25B /* MoyaGistsAutorsEndPoints.swift in Sources */ = {isa = PBXBuildFile; fileRef = C59DB3D821ADB15C0000F25B /* MoyaGistsAutorsEndPoints.swift */; };
		C59DB3DD21ADBEA00000F25B /* ShowControllers.swift in Sources */ = {isa = PBXBuildFile; fileRef = C59DB3DC21ADBEA00000F25B /* ShowControllers.swift */; };
		C59DB3E221ADBFB60000F25B /* AccountInfoViewController.swift in Sources */ = {isa = PBXBuildFile; fileRef = C59DB3E121ADBFB60000F25B /* AccountInfoViewController.swift */; };
		C59DB3E521ADBFF40000F25B /* UIViewControllerExtension.swift in Sources */ = {isa = PBXBuildFile; fileRef = C59DB3E421ADBFF40000F25B /* UIViewControllerExtension.swift */; };
		C59DB3E921ADEB780000F25B /* AccountInfoCell.swift in Sources */ = {isa = PBXBuildFile; fileRef = C59DB3E721ADEB780000F25B /* AccountInfoCell.swift */; };
		C59DB3EA21ADEB780000F25B /* AccountInfoCell.xib in Resources */ = {isa = PBXBuildFile; fileRef = C59DB3E821ADEB780000F25B /* AccountInfoCell.xib */; };
		C5AFC9BD21B42F5400E9524F /* APIProvider.swift in Sources */ = {isa = PBXBuildFile; fileRef = C5AFC9BC21B42F5400E9524F /* APIProvider.swift */; };
		C5B11BFA21FDE03D00329FE7 /* GistsAutorsCollectionViewCell.swift in Sources */ = {isa = PBXBuildFile; fileRef = C5B11BF821FDE03D00329FE7 /* GistsAutorsCollectionViewCell.swift */; };
		C5B11BFB21FDE03D00329FE7 /* GistsAutorsCollectionViewCell.xib in Resources */ = {isa = PBXBuildFile; fileRef = C5B11BF921FDE03D00329FE7 /* GistsAutorsCollectionViewCell.xib */; };
		C5B11BFD21FDE65300329FE7 /* UICollectionViewExtension.swift in Sources */ = {isa = PBXBuildFile; fileRef = C5B11BFC21FDE65300329FE7 /* UICollectionViewExtension.swift */; };
		C5D0FF4A21B1AAE70062DD10 /* AccountInfoViewModel.swift in Sources */ = {isa = PBXBuildFile; fileRef = C5D0FF4921B1AAE70062DD10 /* AccountInfoViewModel.swift */; };
		C5D8B25E21A6E42400F58ED3 /* AppDelegate.swift in Sources */ = {isa = PBXBuildFile; fileRef = C5D8B25D21A6E42400F58ED3 /* AppDelegate.swift */; };
		C5D8B26321A6E42400F58ED3 /* Main.storyboard in Resources */ = {isa = PBXBuildFile; fileRef = C5D8B26121A6E42400F58ED3 /* Main.storyboard */; };
		C5D8B26521A6E42600F58ED3 /* Assets.xcassets in Resources */ = {isa = PBXBuildFile; fileRef = C5D8B26421A6E42600F58ED3 /* Assets.xcassets */; };
		C5D8B26821A6E42600F58ED3 /* LaunchScreen.storyboard in Resources */ = {isa = PBXBuildFile; fileRef = C5D8B26621A6E42600F58ED3 /* LaunchScreen.storyboard */; };
		C5E587CB21B0768E003DE4CF /* UITableViewCellExtension.swift in Sources */ = {isa = PBXBuildFile; fileRef = C5E587CA21B0768E003DE4CF /* UITableViewCellExtension.swift */; };
		C5E587CD21B0779C003DE4CF /* Event.swift in Sources */ = {isa = PBXBuildFile; fileRef = C5E587CC21B0779C003DE4CF /* Event.swift */; };
		C5E587CF21B0781C003DE4CF /* File.swift in Sources */ = {isa = PBXBuildFile; fileRef = C5E587CE21B0781C003DE4CF /* File.swift */; };
		C5E587D121B07844003DE4CF /* Owner.swift in Sources */ = {isa = PBXBuildFile; fileRef = C5E587D021B07844003DE4CF /* Owner.swift */; };
		C5E7E92B21B804FD00EA6AB2 /* MoyaPrivateFilesEndPoint.swift in Sources */ = {isa = PBXBuildFile; fileRef = C5E7E92A21B804FD00EA6AB2 /* MoyaPrivateFilesEndPoint.swift */; };
		C5EA30EC21AEDEA3001A8589 /* AccountFilesViewController.swift in Sources */ = {isa = PBXBuildFile; fileRef = C5EA30EB21AEDEA3001A8589 /* AccountFilesViewController.swift */; };
		C5EB27C821B33E330058C7F0 /* AccountFilesViewModel.swift in Sources */ = {isa = PBXBuildFile; fileRef = C5EB27C721B33E330058C7F0 /* AccountFilesViewModel.swift */; };
/* End PBXBuildFile section */

/* Begin PBXFileReference section */
		041C66C7F5AFF2E1EFAA8443 /* Pods-Github Gists Editor.debug.xcconfig */ = {isa = PBXFileReference; includeInIndex = 1; lastKnownFileType = text.xcconfig; name = "Pods-Github Gists Editor.debug.xcconfig"; path = "Pods/Target Support Files/Pods-Github Gists Editor/Pods-Github Gists Editor.debug.xcconfig"; sourceTree = "<group>"; };
		1C0DC31352301095AF756817 /* Pods_Github_Gists_Editor.framework */ = {isa = PBXFileReference; explicitFileType = wrapper.framework; includeInIndex = 0; path = Pods_Github_Gists_Editor.framework; sourceTree = BUILT_PRODUCTS_DIR; };
		7C05498FF4AEE721CD959686 /* Pods-Github Gists Editor.release.xcconfig */ = {isa = PBXFileReference; includeInIndex = 1; lastKnownFileType = text.xcconfig; name = "Pods-Github Gists Editor.release.xcconfig"; path = "Pods/Target Support Files/Pods-Github Gists Editor/Pods-Github Gists Editor.release.xcconfig"; sourceTree = "<group>"; };
		C5141DE321BE6A6900301449 /* CreateNewGistViewModel.swift */ = {isa = PBXFileReference; lastKnownFileType = sourcecode.swift; path = CreateNewGistViewModel.swift; sourceTree = "<group>"; };
		C5141DE521BE6C9A00301449 /* GistCreationInfo.swift */ = {isa = PBXFileReference; lastKnownFileType = sourcecode.swift; path = GistCreationInfo.swift; sourceTree = "<group>"; };
		C52BD02B22009CE000F2CCA3 /* CustomSegmentedControl.swift */ = {isa = PBXFileReference; lastKnownFileType = sourcecode.swift; path = CustomSegmentedControl.swift; sourceTree = "<group>"; };
		C54C23BD21C4150000A8D6FC /* Constants.swift */ = {isa = PBXFileReference; lastKnownFileType = sourcecode.swift; path = Constants.swift; sourceTree = "<group>"; };
		C57E54EF21B9365600A64E0C /* CreateNewGistViewController.swift */ = {isa = PBXFileReference; lastKnownFileType = sourcecode.swift; path = CreateNewGistViewController.swift; sourceTree = "<group>"; };
		C594CE6B21F22DC000652729 /* SectionOfEvent.swift */ = {isa = PBXFileReference; lastKnownFileType = sourcecode.swift; path = SectionOfEvent.swift; sourceTree = "<group>"; };
		C59DB3CE21ADAFDA0000F25B /* GistsViewController.swift */ = {isa = PBXFileReference; lastKnownFileType = sourcecode.swift; path = GistsViewController.swift; sourceTree = "<group>"; };
		C59DB3D121ADB0010000F25B /* GistsAutorsViewModel.swift */ = {isa = PBXFileReference; lastKnownFileType = sourcecode.swift; path = GistsAutorsViewModel.swift; sourceTree = "<group>"; };
		C59DB3D421ADB02E0000F25B /* GistsAutorsTableViewCell.swift */ = {isa = PBXFileReference; lastKnownFileType = sourcecode.swift; path = GistsAutorsTableViewCell.swift; sourceTree = "<group>"; };
		C59DB3D521ADB02E0000F25B /* GistsAutorsTableViewCell.xib */ = {isa = PBXFileReference; lastKnownFileType = file.xib; path = GistsAutorsTableViewCell.xib; sourceTree = "<group>"; };
		C59DB3D821ADB15C0000F25B /* MoyaGistsAutorsEndPoints.swift */ = {isa = PBXFileReference; lastKnownFileType = sourcecode.swift; path = MoyaGistsAutorsEndPoints.swift; sourceTree = "<group>"; };
		C59DB3DC21ADBEA00000F25B /* ShowControllers.swift */ = {isa = PBXFileReference; lastKnownFileType = sourcecode.swift; path = ShowControllers.swift; sourceTree = "<group>"; };
		C59DB3E121ADBFB60000F25B /* AccountInfoViewController.swift */ = {isa = PBXFileReference; lastKnownFileType = sourcecode.swift; path = AccountInfoViewController.swift; sourceTree = "<group>"; };
		C59DB3E421ADBFF40000F25B /* UIViewControllerExtension.swift */ = {isa = PBXFileReference; lastKnownFileType = sourcecode.swift; path = UIViewControllerExtension.swift; sourceTree = "<group>"; };
		C59DB3E721ADEB780000F25B /* AccountInfoCell.swift */ = {isa = PBXFileReference; lastKnownFileType = sourcecode.swift; path = AccountInfoCell.swift; sourceTree = "<group>"; };
		C59DB3E821ADEB780000F25B /* AccountInfoCell.xib */ = {isa = PBXFileReference; lastKnownFileType = file.xib; path = AccountInfoCell.xib; sourceTree = "<group>"; };
		C5AFC9BC21B42F5400E9524F /* APIProvider.swift */ = {isa = PBXFileReference; lastKnownFileType = sourcecode.swift; path = APIProvider.swift; sourceTree = "<group>"; };
		C5B11BF821FDE03D00329FE7 /* GistsAutorsCollectionViewCell.swift */ = {isa = PBXFileReference; lastKnownFileType = sourcecode.swift; path = GistsAutorsCollectionViewCell.swift; sourceTree = "<group>"; };
		C5B11BF921FDE03D00329FE7 /* GistsAutorsCollectionViewCell.xib */ = {isa = PBXFileReference; lastKnownFileType = file.xib; path = GistsAutorsCollectionViewCell.xib; sourceTree = "<group>"; };
		C5B11BFC21FDE65300329FE7 /* UICollectionViewExtension.swift */ = {isa = PBXFileReference; lastKnownFileType = sourcecode.swift; path = UICollectionViewExtension.swift; sourceTree = "<group>"; };
		C5D0FF4921B1AAE70062DD10 /* AccountInfoViewModel.swift */ = {isa = PBXFileReference; lastKnownFileType = sourcecode.swift; path = AccountInfoViewModel.swift; sourceTree = "<group>"; };
		C5D8B25A21A6E42400F58ED3 /* Github Gists Editor.app */ = {isa = PBXFileReference; explicitFileType = wrapper.application; includeInIndex = 0; path = "Github Gists Editor.app"; sourceTree = BUILT_PRODUCTS_DIR; };
		C5D8B25D21A6E42400F58ED3 /* AppDelegate.swift */ = {isa = PBXFileReference; lastKnownFileType = sourcecode.swift; path = AppDelegate.swift; sourceTree = "<group>"; };
		C5D8B26221A6E42400F58ED3 /* Base */ = {isa = PBXFileReference; lastKnownFileType = file.storyboard; name = Base; path = Base.lproj/Main.storyboard; sourceTree = "<group>"; };
		C5D8B26421A6E42600F58ED3 /* Assets.xcassets */ = {isa = PBXFileReference; lastKnownFileType = folder.assetcatalog; path = Assets.xcassets; sourceTree = "<group>"; };
		C5D8B26721A6E42600F58ED3 /* Base */ = {isa = PBXFileReference; lastKnownFileType = file.storyboard; name = Base; path = Base.lproj/LaunchScreen.storyboard; sourceTree = "<group>"; };
		C5D8B26921A6E42600F58ED3 /* Info.plist */ = {isa = PBXFileReference; lastKnownFileType = text.plist.xml; path = Info.plist; sourceTree = "<group>"; };
		C5E587CA21B0768E003DE4CF /* UITableViewCellExtension.swift */ = {isa = PBXFileReference; lastKnownFileType = sourcecode.swift; path = UITableViewCellExtension.swift; sourceTree = "<group>"; };
		C5E587CC21B0779C003DE4CF /* Event.swift */ = {isa = PBXFileReference; lastKnownFileType = sourcecode.swift; path = Event.swift; sourceTree = "<group>"; };
		C5E587CE21B0781C003DE4CF /* File.swift */ = {isa = PBXFileReference; lastKnownFileType = sourcecode.swift; path = File.swift; sourceTree = "<group>"; };
		C5E587D021B07844003DE4CF /* Owner.swift */ = {isa = PBXFileReference; lastKnownFileType = sourcecode.swift; path = Owner.swift; sourceTree = "<group>"; };
		C5E7E92A21B804FD00EA6AB2 /* MoyaPrivateFilesEndPoint.swift */ = {isa = PBXFileReference; lastKnownFileType = sourcecode.swift; path = MoyaPrivateFilesEndPoint.swift; sourceTree = "<group>"; };
		C5EA30EB21AEDEA3001A8589 /* AccountFilesViewController.swift */ = {isa = PBXFileReference; lastKnownFileType = sourcecode.swift; path = AccountFilesViewController.swift; sourceTree = "<group>"; };
		C5EB27C721B33E330058C7F0 /* AccountFilesViewModel.swift */ = {isa = PBXFileReference; lastKnownFileType = sourcecode.swift; path = AccountFilesViewModel.swift; sourceTree = "<group>"; };
/* End PBXFileReference section */

/* Begin PBXFrameworksBuildPhase section */
		C5D8B25721A6E42400F58ED3 /* Frameworks */ = {
			isa = PBXFrameworksBuildPhase;
			buildActionMask = 2147483647;
			files = (
				8EF71F6A15D45AA03944AE41 /* Pods_Github_Gists_Editor.framework in Frameworks */,
			);
			runOnlyForDeploymentPostprocessing = 0;
		};
/* End PBXFrameworksBuildPhase section */

/* Begin PBXGroup section */
		4AC0540B100B081D8D86F6AE /* Frameworks */ = {
			isa = PBXGroup;
			children = (
				1C0DC31352301095AF756817 /* Pods_Github_Gists_Editor.framework */,
			);
			name = Frameworks;
			sourceTree = "<group>";
		};
		B9B94D1C4B1C3F23F26CA4AA /* Pods */ = {
			isa = PBXGroup;
			children = (
				041C66C7F5AFF2E1EFAA8443 /* Pods-Github Gists Editor.debug.xcconfig */,
				7C05498FF4AEE721CD959686 /* Pods-Github Gists Editor.release.xcconfig */,
			);
			name = Pods;
			sourceTree = "<group>";
		};
		C50C4FAF21AD88E1004CBDE0 /* Screens */ = {
			isa = PBXGroup;
			children = (
				C57E54EE21B9363600A64E0C /* Create New Gist */,
				C5EA30EA21AEDE7E001A8589 /* AccountFiles */,
				C59DB3DE21ADBF590000F25B /* Files */,
				C59DB3D021ADAFE20000F25B /* Gists Autors */,
			);
			path = Screens;
			sourceTree = "<group>";
		};
		C54C23BC21C414E200A8D6FC /* Helper */ = {
			isa = PBXGroup;
			children = (
				C54C23BD21C4150000A8D6FC /* Constants.swift */,
				C52BD02B22009CE000F2CCA3 /* CustomSegmentedControl.swift */,
			);
			path = Helper;
			sourceTree = "<group>";
		};
		C57E54EE21B9363600A64E0C /* Create New Gist */ = {
			isa = PBXGroup;
			children = (
				C5141DE321BE6A6900301449 /* CreateNewGistViewModel.swift */,
				C57E54EF21B9365600A64E0C /* CreateNewGistViewController.swift */,
			);
			path = "Create New Gist";
			sourceTree = "<group>";
		};
		C58C6F0121A9BF9C00FBDA3A /* Storyboards */ = {
			isa = PBXGroup;
			children = (
				C5D8B26121A6E42400F58ED3 /* Main.storyboard */,
			);
			path = Storyboards;
			sourceTree = "<group>";
		};
		C58C6F0521A9C35400FBDA3A /* Model */ = {
			isa = PBXGroup;
			children = (
				C5141DE521BE6C9A00301449 /* GistCreationInfo.swift */,
				C59DB3DC21ADBEA00000F25B /* ShowControllers.swift */,
				C5E587CC21B0779C003DE4CF /* Event.swift */,
				C5E587CE21B0781C003DE4CF /* File.swift */,
				C5E587D021B07844003DE4CF /* Owner.swift */,
				C594CE6B21F22DC000652729 /* SectionOfEvent.swift */,
			);
			path = Model;
			sourceTree = "<group>";
		};
		C59DB3D021ADAFE20000F25B /* Gists Autors */ = {
			isa = PBXGroup;
			children = (
				C5B11BF721FDDF2A00329FE7 /* CollectionViewCell */,
				C59DB3D321ADB0060000F25B /* TableViewCell */,
				C59DB3D121ADB0010000F25B /* GistsAutorsViewModel.swift */,
				C59DB3CE21ADAFDA0000F25B /* GistsViewController.swift */,
			);
			path = "Gists Autors";
			sourceTree = "<group>";
		};
		C59DB3D321ADB0060000F25B /* TableViewCell */ = {
			isa = PBXGroup;
			children = (
				C59DB3D421ADB02E0000F25B /* GistsAutorsTableViewCell.swift */,
				C59DB3D521ADB02E0000F25B /* GistsAutorsTableViewCell.xib */,
			);
			path = TableViewCell;
			sourceTree = "<group>";
		};
		C59DB3DE21ADBF590000F25B /* Files */ = {
			isa = PBXGroup;
			children = (
				C59DB3E621ADEB420000F25B /* Cell */,
				C5D0FF4921B1AAE70062DD10 /* AccountInfoViewModel.swift */,
				C59DB3E121ADBFB60000F25B /* AccountInfoViewController.swift */,
			);
			path = Files;
			sourceTree = "<group>";
		};
		C59DB3E321ADBFE00000F25B /* Extensions */ = {
			isa = PBXGroup;
			children = (
				C59DB3E421ADBFF40000F25B /* UIViewControllerExtension.swift */,
				C5E587CA21B0768E003DE4CF /* UITableViewCellExtension.swift */,
				C5B11BFC21FDE65300329FE7 /* UICollectionViewExtension.swift */,
			);
			path = Extensions;
			sourceTree = "<group>";
		};
		C59DB3E621ADEB420000F25B /* Cell */ = {
			isa = PBXGroup;
			children = (
				C59DB3E721ADEB780000F25B /* AccountInfoCell.swift */,
				C59DB3E821ADEB780000F25B /* AccountInfoCell.xib */,
			);
			path = Cell;
			sourceTree = "<group>";
		};
		C5B11BF721FDDF2A00329FE7 /* CollectionViewCell */ = {
			isa = PBXGroup;
			children = (
				C5B11BF821FDE03D00329FE7 /* GistsAutorsCollectionViewCell.swift */,
				C5B11BF921FDE03D00329FE7 /* GistsAutorsCollectionViewCell.xib */,
			);
			path = CollectionViewCell;
			sourceTree = "<group>";
		};
		C5D8B25121A6E42400F58ED3 = {
			isa = PBXGroup;
			children = (
				C5D8B25C21A6E42400F58ED3 /* Github Gists Editor */,
				C5D8B25B21A6E42400F58ED3 /* Products */,
				B9B94D1C4B1C3F23F26CA4AA /* Pods */,
				4AC0540B100B081D8D86F6AE /* Frameworks */,
			);
			sourceTree = "<group>";
		};
		C5D8B25B21A6E42400F58ED3 /* Products */ = {
			isa = PBXGroup;
			children = (
				C5D8B25A21A6E42400F58ED3 /* Github Gists Editor.app */,
			);
			name = Products;
			sourceTree = "<group>";
		};
		C5D8B25C21A6E42400F58ED3 /* Github Gists Editor */ = {
			isa = PBXGroup;
			children = (
				C54C23BC21C414E200A8D6FC /* Helper */,
				C59DB3E321ADBFE00000F25B /* Extensions */,
				C58C6F0521A9C35400FBDA3A /* Model */,
				C50C4FAF21AD88E1004CBDE0 /* Screens */,
				C5D8B26F21A6E8D100F58ED3 /* Moya Networking */,
				C58C6F0121A9BF9C00FBDA3A /* Storyboards */,
				C5D8B25D21A6E42400F58ED3 /* AppDelegate.swift */,
				C5D8B26421A6E42600F58ED3 /* Assets.xcassets */,
				C5D8B26621A6E42600F58ED3 /* LaunchScreen.storyboard */,
				C5D8B26921A6E42600F58ED3 /* Info.plist */,
			);
			path = "Github Gists Editor";
			sourceTree = "<group>";
		};
		C5D8B26F21A6E8D100F58ED3 /* Moya Networking */ = {
			isa = PBXGroup;
			children = (
				C59DB3D821ADB15C0000F25B /* MoyaGistsAutorsEndPoints.swift */,
				C5E7E92A21B804FD00EA6AB2 /* MoyaPrivateFilesEndPoint.swift */,
				C5AFC9BC21B42F5400E9524F /* APIProvider.swift */,
			);
			path = "Moya Networking";
			sourceTree = "<group>";
		};
		C5EA30EA21AEDE7E001A8589 /* AccountFiles */ = {
			isa = PBXGroup;
			children = (
				C5EB27C721B33E330058C7F0 /* AccountFilesViewModel.swift */,
				C5EA30EB21AEDEA3001A8589 /* AccountFilesViewController.swift */,
			);
			path = AccountFiles;
			sourceTree = "<group>";
		};
/* End PBXGroup section */

/* Begin PBXNativeTarget section */
		C5D8B25921A6E42400F58ED3 /* Github Gists Editor */ = {
			isa = PBXNativeTarget;
			buildConfigurationList = C5D8B26C21A6E42600F58ED3 /* Build configuration list for PBXNativeTarget "Github Gists Editor" */;
			buildPhases = (
				05303B352E651B5CC073AD1F /* [CP] Check Pods Manifest.lock */,
				C5D8B25621A6E42400F58ED3 /* Sources */,
				C5D8B25721A6E42400F58ED3 /* Frameworks */,
				C5D8B25821A6E42400F58ED3 /* Resources */,
				E516083744E4A551AFA90D34 /* [CP] Embed Pods Frameworks */,
				C562B36B21AB28AD0074F1B6 /* ShellScript */,
			);
			buildRules = (
			);
			dependencies = (
			);
			name = "Github Gists Editor";
			productName = "Github Gists Editor";
			productReference = C5D8B25A21A6E42400F58ED3 /* Github Gists Editor.app */;
			productType = "com.apple.product-type.application";
		};
/* End PBXNativeTarget section */

/* Begin PBXProject section */
		C5D8B25221A6E42400F58ED3 /* Project object */ = {
			isa = PBXProject;
			attributes = {
				LastSwiftUpdateCheck = 1010;
				LastUpgradeCheck = 1010;
				ORGANIZATIONNAME = Serhii;
				TargetAttributes = {
					C5D8B25921A6E42400F58ED3 = {
						CreatedOnToolsVersion = 10.1;
					};
				};
			};
			buildConfigurationList = C5D8B25521A6E42400F58ED3 /* Build configuration list for PBXProject "Github Gists Editor" */;
			compatibilityVersion = "Xcode 9.3";
			developmentRegion = en;
			hasScannedForEncodings = 0;
			knownRegions = (
				en,
				Base,
			);
			mainGroup = C5D8B25121A6E42400F58ED3;
			productRefGroup = C5D8B25B21A6E42400F58ED3 /* Products */;
			projectDirPath = "";
			projectRoot = "";
			targets = (
				C5D8B25921A6E42400F58ED3 /* Github Gists Editor */,
			);
		};
/* End PBXProject section */

/* Begin PBXResourcesBuildPhase section */
		C5D8B25821A6E42400F58ED3 /* Resources */ = {
			isa = PBXResourcesBuildPhase;
			buildActionMask = 2147483647;
			files = (
				C5D8B26821A6E42600F58ED3 /* LaunchScreen.storyboard in Resources */,
				C5D8B26521A6E42600F58ED3 /* Assets.xcassets in Resources */,
				C5D8B26321A6E42400F58ED3 /* Main.storyboard in Resources */,
				C59DB3EA21ADEB780000F25B /* AccountInfoCell.xib in Resources */,
				C59DB3D721ADB02E0000F25B /* GistsAutorsTableViewCell.xib in Resources */,
				C5B11BFB21FDE03D00329FE7 /* GistsAutorsCollectionViewCell.xib in Resources */,
			);
			runOnlyForDeploymentPostprocessing = 0;
		};
/* End PBXResourcesBuildPhase section */

/* Begin PBXShellScriptBuildPhase section */
		05303B352E651B5CC073AD1F /* [CP] Check Pods Manifest.lock */ = {
			isa = PBXShellScriptBuildPhase;
			buildActionMask = 2147483647;
			files = (
			);
			inputFileListPaths = (
			);
			inputPaths = (
				"${PODS_PODFILE_DIR_PATH}/Podfile.lock",
				"${PODS_ROOT}/Manifest.lock",
			);
			name = "[CP] Check Pods Manifest.lock";
			outputFileListPaths = (
			);
			outputPaths = (
				"$(DERIVED_FILE_DIR)/Pods-Github Gists Editor-checkManifestLockResult.txt",
			);
			runOnlyForDeploymentPostprocessing = 0;
			shellPath = /bin/sh;
			shellScript = "diff \"${PODS_PODFILE_DIR_PATH}/Podfile.lock\" \"${PODS_ROOT}/Manifest.lock\" > /dev/null\nif [ $? != 0 ] ; then\n    # print error to STDERR\n    echo \"error: The sandbox is not in sync with the Podfile.lock. Run 'pod install' or update your CocoaPods installation.\" >&2\n    exit 1\nfi\n# This output is used by Xcode 'outputs' to avoid re-running this script phase.\necho \"SUCCESS\" > \"${SCRIPT_OUTPUT_FILE_0}\"\n";
			showEnvVarsInLog = 0;
		};
		C562B36B21AB28AD0074F1B6 /* ShellScript */ = {
			isa = PBXShellScriptBuildPhase;
			buildActionMask = 2147483647;
			files = (
			);
			inputFileListPaths = (
			);
			inputPaths = (
			);
			outputFileListPaths = (
			);
			outputPaths = (
			);
			runOnlyForDeploymentPostprocessing = 0;
			shellPath = /bin/sh;
			shellScript = "if which swiftlint >/dev/null; then\nswiftlint\nelse\necho \"warning: SwiftLint not installed, download from https://github.com/realm/SwiftLint\"\nfi\n";
		};
		E516083744E4A551AFA90D34 /* [CP] Embed Pods Frameworks */ = {
			isa = PBXShellScriptBuildPhase;
			buildActionMask = 2147483647;
			files = (
			);
			inputFileListPaths = (
			);
			inputPaths = (
				"${SRCROOT}/Pods/Target Support Files/Pods-Github Gists Editor/Pods-Github Gists Editor-frameworks.sh",
				"${BUILT_PRODUCTS_DIR}/Alamofire/Alamofire.framework",
				"${BUILT_PRODUCTS_DIR}/Differentiator/Differentiator.framework",
				"${BUILT_PRODUCTS_DIR}/Kingfisher/Kingfisher.framework",
				"${BUILT_PRODUCTS_DIR}/Moya/Moya.framework",
				"${BUILT_PRODUCTS_DIR}/PKHUD/PKHUD.framework",
				"${BUILT_PRODUCTS_DIR}/Realm/Realm.framework",
				"${BUILT_PRODUCTS_DIR}/RealmSwift/RealmSwift.framework",
				"${BUILT_PRODUCTS_DIR}/Result/Result.framework",
				"${PODS_ROOT}/Reveal-SDK/RevealServer-20/iOS/RevealServer.framework",
				"${BUILT_PRODUCTS_DIR}/RxAtomic/RxAtomic.framework",
				"${BUILT_PRODUCTS_DIR}/RxCocoa/RxCocoa.framework",
				"${BUILT_PRODUCTS_DIR}/RxDataSources/RxDataSources.framework",
				"${BUILT_PRODUCTS_DIR}/RxRealm/RxRealm.framework",
				"${BUILT_PRODUCTS_DIR}/RxSwift/RxSwift.framework",
			);
			name = "[CP] Embed Pods Frameworks";
			outputFileListPaths = (
			);
			outputPaths = (
				"${TARGET_BUILD_DIR}/${FRAMEWORKS_FOLDER_PATH}/Alamofire.framework",
				"${TARGET_BUILD_DIR}/${FRAMEWORKS_FOLDER_PATH}/Differentiator.framework",
				"${TARGET_BUILD_DIR}/${FRAMEWORKS_FOLDER_PATH}/Kingfisher.framework",
				"${TARGET_BUILD_DIR}/${FRAMEWORKS_FOLDER_PATH}/Moya.framework",
				"${TARGET_BUILD_DIR}/${FRAMEWORKS_FOLDER_PATH}/PKHUD.framework",
				"${TARGET_BUILD_DIR}/${FRAMEWORKS_FOLDER_PATH}/Realm.framework",
				"${TARGET_BUILD_DIR}/${FRAMEWORKS_FOLDER_PATH}/RealmSwift.framework",
				"${TARGET_BUILD_DIR}/${FRAMEWORKS_FOLDER_PATH}/Result.framework",
				"${TARGET_BUILD_DIR}/${FRAMEWORKS_FOLDER_PATH}/RevealServer.framework",
				"${TARGET_BUILD_DIR}/${FRAMEWORKS_FOLDER_PATH}/RxAtomic.framework",
				"${TARGET_BUILD_DIR}/${FRAMEWORKS_FOLDER_PATH}/RxCocoa.framework",
				"${TARGET_BUILD_DIR}/${FRAMEWORKS_FOLDER_PATH}/RxDataSources.framework",
				"${TARGET_BUILD_DIR}/${FRAMEWORKS_FOLDER_PATH}/RxRealm.framework",
				"${TARGET_BUILD_DIR}/${FRAMEWORKS_FOLDER_PATH}/RxSwift.framework",
			);
			runOnlyForDeploymentPostprocessing = 0;
			shellPath = /bin/sh;
			shellScript = "\"${SRCROOT}/Pods/Target Support Files/Pods-Github Gists Editor/Pods-Github Gists Editor-frameworks.sh\"\n";
			showEnvVarsInLog = 0;
		};
/* End PBXShellScriptBuildPhase section */

/* Begin PBXSourcesBuildPhase section */
		C5D8B25621A6E42400F58ED3 /* Sources */ = {
			isa = PBXSourcesBuildPhase;
			buildActionMask = 2147483647;
			files = (
				C54C23BE21C4150000A8D6FC /* Constants.swift in Sources */,
				C5141DE621BE6C9A00301449 /* GistCreationInfo.swift in Sources */,
				C5EA30EC21AEDEA3001A8589 /* AccountFilesViewController.swift in Sources */,
				C594CE6C21F22DC000652729 /* SectionOfEvent.swift in Sources */,
				C59DB3CF21ADAFDA0000F25B /* GistsViewController.swift in Sources */,
				C5B11BFA21FDE03D00329FE7 /* GistsAutorsCollectionViewCell.swift in Sources */,
				C5D0FF4A21B1AAE70062DD10 /* AccountInfoViewModel.swift in Sources */,
				C59DB3E521ADBFF40000F25B /* UIViewControllerExtension.swift in Sources */,
				C5E587CB21B0768E003DE4CF /* UITableViewCellExtension.swift in Sources */,
				C5EB27C821B33E330058C7F0 /* AccountFilesViewModel.swift in Sources */,
				C59DB3D221ADB0010000F25B /* GistsAutorsViewModel.swift in Sources */,
				C5141DE421BE6A6900301449 /* CreateNewGistViewModel.swift in Sources */,
				C5AFC9BD21B42F5400E9524F /* APIProvider.swift in Sources */,
				C59DB3E921ADEB780000F25B /* AccountInfoCell.swift in Sources */,
				C59DB3D921ADB15C0000F25B /* MoyaGistsAutorsEndPoints.swift in Sources */,
				C59DB3E221ADBFB60000F25B /* AccountInfoViewController.swift in Sources */,
				C5E587CF21B0781C003DE4CF /* File.swift in Sources */,
				C5E7E92B21B804FD00EA6AB2 /* MoyaPrivateFilesEndPoint.swift in Sources */,
				C59DB3D621ADB02E0000F25B /* GistsAutorsTableViewCell.swift in Sources */,
				C5B11BFD21FDE65300329FE7 /* UICollectionViewExtension.swift in Sources */,
				C59DB3DD21ADBEA00000F25B /* ShowControllers.swift in Sources */,
				C52BD02C22009CE000F2CCA3 /* CustomSegmentedControl.swift in Sources */,
				C5D8B25E21A6E42400F58ED3 /* AppDelegate.swift in Sources */,
				C5E587D121B07844003DE4CF /* Owner.swift in Sources */,
				C57E54F021B9365600A64E0C /* CreateNewGistViewController.swift in Sources */,
				C5E587CD21B0779C003DE4CF /* Event.swift in Sources */,
			);
			runOnlyForDeploymentPostprocessing = 0;
		};
/* End PBXSourcesBuildPhase section */

/* Begin PBXVariantGroup section */
		C5D8B26121A6E42400F58ED3 /* Main.storyboard */ = {
			isa = PBXVariantGroup;
			children = (
				C5D8B26221A6E42400F58ED3 /* Base */,
			);
			name = Main.storyboard;
			sourceTree = "<group>";
		};
		C5D8B26621A6E42600F58ED3 /* LaunchScreen.storyboard */ = {
			isa = PBXVariantGroup;
			children = (
				C5D8B26721A6E42600F58ED3 /* Base */,
			);
			name = LaunchScreen.storyboard;
			sourceTree = "<group>";
		};
/* End PBXVariantGroup section */

/* Begin XCBuildConfiguration section */
		C5D8B26A21A6E42600F58ED3 /* Debug */ = {
			isa = XCBuildConfiguration;
			buildSettings = {
				ALWAYS_SEARCH_USER_PATHS = NO;
				CLANG_ANALYZER_NONNULL = YES;
				CLANG_ANALYZER_NUMBER_OBJECT_CONVERSION = YES_AGGRESSIVE;
				CLANG_CXX_LANGUAGE_STANDARD = "gnu++14";
				CLANG_CXX_LIBRARY = "libc++";
				CLANG_ENABLE_MODULES = YES;
				CLANG_ENABLE_OBJC_ARC = YES;
				CLANG_ENABLE_OBJC_WEAK = YES;
				CLANG_WARN_BLOCK_CAPTURE_AUTORELEASING = YES;
				CLANG_WARN_BOOL_CONVERSION = YES;
				CLANG_WARN_COMMA = YES;
				CLANG_WARN_CONSTANT_CONVERSION = YES;
				CLANG_WARN_DEPRECATED_OBJC_IMPLEMENTATIONS = YES;
				CLANG_WARN_DIRECT_OBJC_ISA_USAGE = YES_ERROR;
				CLANG_WARN_DOCUMENTATION_COMMENTS = YES;
				CLANG_WARN_EMPTY_BODY = YES;
				CLANG_WARN_ENUM_CONVERSION = YES;
				CLANG_WARN_INFINITE_RECURSION = YES;
				CLANG_WARN_INT_CONVERSION = YES;
				CLANG_WARN_NON_LITERAL_NULL_CONVERSION = YES;
				CLANG_WARN_OBJC_IMPLICIT_RETAIN_SELF = YES;
				CLANG_WARN_OBJC_LITERAL_CONVERSION = YES;
				CLANG_WARN_OBJC_ROOT_CLASS = YES_ERROR;
				CLANG_WARN_RANGE_LOOP_ANALYSIS = YES;
				CLANG_WARN_STRICT_PROTOTYPES = YES;
				CLANG_WARN_SUSPICIOUS_MOVE = YES;
				CLANG_WARN_UNGUARDED_AVAILABILITY = YES_AGGRESSIVE;
				CLANG_WARN_UNREACHABLE_CODE = YES;
				CLANG_WARN__DUPLICATE_METHOD_MATCH = YES;
				CODE_SIGN_IDENTITY = "iPhone Developer";
				COPY_PHASE_STRIP = NO;
				DEBUG_INFORMATION_FORMAT = dwarf;
				ENABLE_STRICT_OBJC_MSGSEND = YES;
				ENABLE_TESTABILITY = YES;
				GCC_C_LANGUAGE_STANDARD = gnu11;
				GCC_DYNAMIC_NO_PIC = NO;
				GCC_NO_COMMON_BLOCKS = YES;
				GCC_OPTIMIZATION_LEVEL = 0;
				GCC_PREPROCESSOR_DEFINITIONS = (
					"DEBUG=1",
					"$(inherited)",
				);
				GCC_WARN_64_TO_32_BIT_CONVERSION = YES;
				GCC_WARN_ABOUT_RETURN_TYPE = YES_ERROR;
				GCC_WARN_UNDECLARED_SELECTOR = YES;
				GCC_WARN_UNINITIALIZED_AUTOS = YES_AGGRESSIVE;
				GCC_WARN_UNUSED_FUNCTION = YES;
				GCC_WARN_UNUSED_VARIABLE = YES;
				IPHONEOS_DEPLOYMENT_TARGET = 12.1;
				MTL_ENABLE_DEBUG_INFO = INCLUDE_SOURCE;
				MTL_FAST_MATH = YES;
				ONLY_ACTIVE_ARCH = YES;
				SDKROOT = iphoneos;
				SWIFT_ACTIVE_COMPILATION_CONDITIONS = DEBUG;
				SWIFT_OPTIMIZATION_LEVEL = "-Onone";
			};
			name = Debug;
		};
		C5D8B26B21A6E42600F58ED3 /* Release */ = {
			isa = XCBuildConfiguration;
			buildSettings = {
				ALWAYS_SEARCH_USER_PATHS = NO;
				CLANG_ANALYZER_NONNULL = YES;
				CLANG_ANALYZER_NUMBER_OBJECT_CONVERSION = YES_AGGRESSIVE;
				CLANG_CXX_LANGUAGE_STANDARD = "gnu++14";
				CLANG_CXX_LIBRARY = "libc++";
				CLANG_ENABLE_MODULES = YES;
				CLANG_ENABLE_OBJC_ARC = YES;
				CLANG_ENABLE_OBJC_WEAK = YES;
				CLANG_WARN_BLOCK_CAPTURE_AUTORELEASING = YES;
				CLANG_WARN_BOOL_CONVERSION = YES;
				CLANG_WARN_COMMA = YES;
				CLANG_WARN_CONSTANT_CONVERSION = YES;
				CLANG_WARN_DEPRECATED_OBJC_IMPLEMENTATIONS = YES;
				CLANG_WARN_DIRECT_OBJC_ISA_USAGE = YES_ERROR;
				CLANG_WARN_DOCUMENTATION_COMMENTS = YES;
				CLANG_WARN_EMPTY_BODY = YES;
				CLANG_WARN_ENUM_CONVERSION = YES;
				CLANG_WARN_INFINITE_RECURSION = YES;
				CLANG_WARN_INT_CONVERSION = YES;
				CLANG_WARN_NON_LITERAL_NULL_CONVERSION = YES;
				CLANG_WARN_OBJC_IMPLICIT_RETAIN_SELF = YES;
				CLANG_WARN_OBJC_LITERAL_CONVERSION = YES;
				CLANG_WARN_OBJC_ROOT_CLASS = YES_ERROR;
				CLANG_WARN_RANGE_LOOP_ANALYSIS = YES;
				CLANG_WARN_STRICT_PROTOTYPES = YES;
				CLANG_WARN_SUSPICIOUS_MOVE = YES;
				CLANG_WARN_UNGUARDED_AVAILABILITY = YES_AGGRESSIVE;
				CLANG_WARN_UNREACHABLE_CODE = YES;
				CLANG_WARN__DUPLICATE_METHOD_MATCH = YES;
				CODE_SIGN_IDENTITY = "iPhone Developer";
				COPY_PHASE_STRIP = NO;
				DEBUG_INFORMATION_FORMAT = "dwarf-with-dsym";
				ENABLE_NS_ASSERTIONS = NO;
				ENABLE_STRICT_OBJC_MSGSEND = YES;
				GCC_C_LANGUAGE_STANDARD = gnu11;
				GCC_NO_COMMON_BLOCKS = YES;
				GCC_WARN_64_TO_32_BIT_CONVERSION = YES;
				GCC_WARN_ABOUT_RETURN_TYPE = YES_ERROR;
				GCC_WARN_UNDECLARED_SELECTOR = YES;
				GCC_WARN_UNINITIALIZED_AUTOS = YES_AGGRESSIVE;
				GCC_WARN_UNUSED_FUNCTION = YES;
				GCC_WARN_UNUSED_VARIABLE = YES;
				IPHONEOS_DEPLOYMENT_TARGET = 12.1;
				MTL_ENABLE_DEBUG_INFO = NO;
				MTL_FAST_MATH = YES;
				SDKROOT = iphoneos;
				SWIFT_COMPILATION_MODE = wholemodule;
				SWIFT_OPTIMIZATION_LEVEL = "-O";
				VALIDATE_PRODUCT = YES;
			};
			name = Release;
		};
		C5D8B26D21A6E42600F58ED3 /* Debug */ = {
			isa = XCBuildConfiguration;
			baseConfigurationReference = 041C66C7F5AFF2E1EFAA8443 /* Pods-Github Gists Editor.debug.xcconfig */;
			buildSettings = {
				ASSETCATALOG_COMPILER_APPICON_NAME = AppIcon;
				CODE_SIGN_STYLE = Automatic;
				INFOPLIST_FILE = "Github Gists Editor/Info.plist";
				LD_RUNPATH_SEARCH_PATHS = (
					"$(inherited)",
					"@executable_path/Frameworks",
				);
				PRODUCT_BUNDLE_IDENTIFIER = "serhii.Github-Gists-Editor";
				PRODUCT_NAME = "$(TARGET_NAME)";
				SWIFT_VERSION = 4.2;
				TARGETED_DEVICE_FAMILY = "1,2";
			};
			name = Debug;
		};
		C5D8B26E21A6E42600F58ED3 /* Release */ = {
			isa = XCBuildConfiguration;
			baseConfigurationReference = 7C05498FF4AEE721CD959686 /* Pods-Github Gists Editor.release.xcconfig */;
			buildSettings = {
				ASSETCATALOG_COMPILER_APPICON_NAME = AppIcon;
				CODE_SIGN_STYLE = Automatic;
				INFOPLIST_FILE = "Github Gists Editor/Info.plist";
				LD_RUNPATH_SEARCH_PATHS = (
					"$(inherited)",
					"@executable_path/Frameworks",
				);
				PRODUCT_BUNDLE_IDENTIFIER = "serhii.Github-Gists-Editor";
				PRODUCT_NAME = "$(TARGET_NAME)";
				SWIFT_VERSION = 4.2;
				TARGETED_DEVICE_FAMILY = "1,2";
			};
			name = Release;
		};
/* End XCBuildConfiguration section */

/* Begin XCConfigurationList section */
		C5D8B25521A6E42400F58ED3 /* Build configuration list for PBXProject "Github Gists Editor" */ = {
			isa = XCConfigurationList;
			buildConfigurations = (
				C5D8B26A21A6E42600F58ED3 /* Debug */,
				C5D8B26B21A6E42600F58ED3 /* Release */,
			);
			defaultConfigurationIsVisible = 0;
			defaultConfigurationName = Release;
		};
		C5D8B26C21A6E42600F58ED3 /* Build configuration list for PBXNativeTarget "Github Gists Editor" */ = {
			isa = XCConfigurationList;
			buildConfigurations = (
				C5D8B26D21A6E42600F58ED3 /* Debug */,
				C5D8B26E21A6E42600F58ED3 /* Release */,
			);
			defaultConfigurationIsVisible = 0;
			defaultConfigurationName = Release;
		};
/* End XCConfigurationList section */
	};
	rootObject = C5D8B25221A6E42400F58ED3 /* Project object */;
}
